
Microsoft Visual Studio Solution File, Format Version 12.00
# Visual Studio Version 17
VisualStudioVersion = 17.4.33213.308
MinimumVisualStudioVersion = 10.0.40219.1
Project("{FAE04EC0-301F-11D3-BF4B-00C04F79EFBC}") = "MOT", "MOT\MOT.csproj", "{4AD3A84A-1DBF-4665-B0F6-8D5F446EB6FF}"
EndProject
Project("{FAE04EC0-301F-11D3-BF4B-00C04F79EFBC}") = "MOT.CORE", "MOT.CORE\MOT.CORE.csproj", "{0A90C21E-6ED8-49EB-98F0-43BC71DC256B}"
EndProject
Global
	GlobalSection(SolutionConfigurationPlatforms) = preSolution
		Debug|Any CPU = Debug|Any CPU
		Release|Any CPU = Release|Any CPU
	EndGlobalSection
	GlobalSection(ProjectConfigurationPlatforms) = postSolution
		{4AD3A84A-1DBF-4665-B0F6-8D5F446EB6FF}.Debug|Any CPU.ActiveCfg = Debug|Any CPU
		{4AD3A84A-1DBF-4665-B0F6-8D5F446EB6FF}.Debug|Any CPU.Build.0 = Debug|Any CPU
		{4AD3A84A-1DBF-4665-B0F6-8D5F446EB6FF}.Release|Any CPU.ActiveCfg = Release|Any CPU
		{4AD3A84A-1DBF-4665-B0F6-8D5F446EB6FF}.Release|Any CPU.Build.0 = Release|Any CPU
		{0A90C21E-6ED8-49EB-98F0-43BC71DC256B}.Debug|Any CPU.ActiveCfg = Debug|Any CPU
		{0A90C21E-6ED8-49EB-98F0-43BC71DC256B}.Debug|Any CPU.Build.0 = Debug|Any CPU
		{0A90C21E-6ED8-49EB-98F0-43BC71DC256B}.Release|Any CPU.ActiveCfg = Release|Any CPU
		{0A90C21E-6ED8-49EB-98F0-43BC71DC256B}.Release|Any CPU.Build.0 = Release|Any CPU
	EndGlobalSection
	GlobalSection(SolutionProperties) = preSolution
		HideSolutionNode = FALSE
	EndGlobalSection
	GlobalSection(ExtensibilityGlobals) = postSolution
		SolutionGuid = {25F69787-4E6D-46AE-B730-2CF44925A1A6}
	EndGlobalSection
EndGlobal
